{
  "requires": true,
  "lockfileVersion": 1,
  "dependencies": {
    "basic-auth": {
      "version": "2.0.1",
      "resolved": "https://registry.npm.taobao.org/basic-auth/download/basic-auth-2.0.1.tgz",
      "integrity": "sha1-uZgnm/R844NEtPPPkW1Gebv1Hjo=",
      "requires": {
        "safe-buffer": "5.1.2"
      }
    },
    "bluebird": {
      "version": "3.7.2",
      "resolved": "https://registry.npm.taobao.org/bluebird/download/bluebird-3.7.2.tgz",
      "integrity": "sha1-nyKcFb4nJFT/qXOs4NvueaGww28="
    },
    "config": {
      "version": "3.3.2",
      "resolved": "https://registry.npm.taobao.org/config/download/config-3.3.2.tgz",
      "integrity": "sha1-Nb44RgVDQPD3l3iyRFr/+8EYZ8c=",
      "requires": {
        "json5": "^2.1.1"
      }
    },
    "dateformat": {
      "version": "4.0.0",
      "resolved": "https://registry.npm.taobao.org/dateformat/download/dateformat-4.0.0.tgz",
      "integrity": "sha1-4ur46vOE8Nz4NIcMG4wbG8zKRTk="
    },
    "debug": {
      "version": "2.6.9",
      "resolved": "https://registry.npm.taobao.org/debug/download/debug-2.6.9.tgz?cache=0&sync_timestamp=1605791507452&other_urls=https%3A%2F%2Fregistry.npm.taobao.org%2Fdebug%2Fdownload%2Fdebug-2.6.9.tgz",
      "integrity": "sha1-XRKFFd8TT/Mn6QpMk/Tgd6U2NB8=",
      "requires": {
        "ms": "2.0.0"
      }
    },
    "depd": {
      "version": "2.0.0",
      "resolved": "https://registry.npm.taobao.org/depd/download/depd-2.0.0.tgz",
      "integrity": "sha1-tpYWPMdXVg0JzyLMj60Vcbeedt8="
    },
    "ee-first": {
      "version": "1.1.1",
      "resolved": "https://registry.npm.taobao.org/ee-first/download/ee-first-1.1.1.tgz",
      "integrity": "sha1-WQxhFWsK4vTwJVcyoViyZrxWsh0="
    },
    "formidable": {
      "version": "1.2.2",
      "resolved": "https://registry.npm.taobao.org/formidable/download/formidable-1.2.2.tgz",
      "integrity": "sha1-v2muopcpgmdfAIZTQrmCmG9rjdk="
    },
    "hoek": {
      "version": "6.1.3",
      "resolved": "https://registry.npm.taobao.org/hoek/download/hoek-6.1.3.tgz",
      "integrity": "sha1-c7fTOVLgH+J6OLBFcpS3ndjaJCw="
    },
    "isemail": {
      "version": "3.2.0",
      "resolved": "https://registry.npm.taobao.org/isemail/download/isemail-3.2.0.tgz",
      "integrity": "sha1-WTEKAhkxqfsGu7UeFVzgs/I2gyw=",
      "requires": {
        "punycode": "2.x.x"
      }
    },
    "json5": {
      "version": "2.1.3",
      "resolved": "https://registry.npm.taobao.org/json5/download/json5-2.1.3.tgz?cache=0&sync_timestamp=1586045666090&other_urls=https%3A%2F%2Fregistry.npm.taobao.org%2Fjson5%2Fdownload%2Fjson5-2.1.3.tgz",
      "integrity": "sha1-ybD3+pIzv+WAf+ZvzzpWF+1ZfUM=",
      "requires": {
        "minimist": "^1.2.5"
      }
    },
    "minimist": {
      "version": "1.2.5",
      "resolved": "https://registry.npm.taobao.org/minimist/download/minimist-1.2.5.tgz",
      "integrity": "sha1-Z9ZgFLZqaoqqDAg8X9WN9OTpdgI="
    },
    "mongoose-sex-page": {
      "version": "1.2.4",
      "resolved": "https://registry.npm.taobao.org/mongoose-sex-page/download/mongoose-sex-page-1.2.4.tgz",
      "integrity": "sha1-CJGBHSmdySB2+splscBp5W+TeUs=",
      "requires": {
        "bluebird": "^3.5.0"
      }
    },
    "morgan": {
      "version": "1.10.0",
      "resolved": "https://registry.npm.taobao.org/morgan/download/morgan-1.10.0.tgz",
      "integrity": "sha1-CRd4q8H8R801CYJGU9rh+qtrF9c=",
      "requires": {
        "basic-auth": "~2.0.1",
        "debug": "2.6.9",
        "depd": "~2.0.0",
        "on-finished": "~2.3.0",
        "on-headers": "~1.0.2"
      }
    },
    "ms": {
      "version": "2.0.0",
      "resolved": "https://registry.npm.taobao.org/ms/download/ms-2.0.0.tgz",
      "integrity": "sha1-VgiurfwAvmwpAd9fmGF4jeDVl8g="
    },
    "on-finished": {
      "version": "2.3.0",
      "resolved": "https://registry.npm.taobao.org/on-finished/download/on-finished-2.3.0.tgz",
      "integrity": "sha1-IPEzZIGwg811M3mSoWlxqi2QaUc=",
      "requires": {
        "ee-first": "1.1.1"
      }
    },
    "on-headers": {
      "version": "1.0.2",
      "resolved": "https://registry.npm.taobao.org/on-headers/download/on-headers-1.0.2.tgz",
      "integrity": "sha1-dysK5qqlJcOZ5Imt+tkMQD6zwo8="
    },
    "punycode": {
      "version": "2.1.1",
      "resolved": "https://registry.npm.taobao.org/punycode/download/punycode-2.1.1.tgz",
      "integrity": "sha1-tYsBCsQMIsVldhbI0sLALHv0eew="
    },
    "safe-buffer": {
      "version": "5.1.2",
      "resolved": "https://registry.npm.taobao.org/safe-buffer/download/safe-buffer-5.1.2.tgz",
      "integrity": "sha1-mR7GnSluAxN0fVm9/St0XDX4go0="
    },
    "topo": {
      "version": "3.0.3",
      "resolved": "https://registry.npm.taobao.org/topo/download/topo-3.0.3.tgz",
      "integrity": "sha1-1aZ/suaTB+vusIQC7Coqb1962Vw=",
      "requires": {
        "hoek": "6.x.x"
      }
    }
  }
}
